// !$*UTF8*$!
{
	archiveVersion = 1;
	classes = {
	};
	objectVersion = 51;
	objects = {

/* Begin PBXBuildFile section */
		446BDF259F5010306E8EF262 /* Pods_flix_flixUITests.framework in Frameworks */ = {isa = PBXBuildFile; fileRef = 869B7363A3A1161380EB3E76 /* Pods_flix_flixUITests.framework */; };
		6CA6794525DED49700550222 /* MoviesViewController.swift in Sources */ = {isa = PBXBuildFile; fileRef = 6CA6794425DED49700550222 /* MoviesViewController.swift */; };
		6CA6794A25DEE2D100550222 /* MovieCell.swift in Sources */ = {isa = PBXBuildFile; fileRef = 6CA6794925DEE2D100550222 /* MovieCell.swift */; };
		6CB4828525E8582D0043455A /* MoviesDetailsViewController.swift in Sources */ = {isa = PBXBuildFile; fileRef = 6CB4828425E8582D0043455A /* MoviesDetailsViewController.swift */; };
		6CC7BE2C25DC0CC200641039 /* AppDelegate.swift in Sources */ = {isa = PBXBuildFile; fileRef = 6CC7BE2B25DC0CC200641039 /* AppDelegate.swift */; };
		6CC7BE2E25DC0CC200641039 /* SceneDelegate.swift in Sources */ = {isa = PBXBuildFile; fileRef = 6CC7BE2D25DC0CC200641039 /* SceneDelegate.swift */; };
		6CC7BE3325DC0CC200641039 /* Main.storyboard in Resources */ = {isa = PBXBuildFile; fileRef = 6CC7BE3125DC0CC200641039 /* Main.storyboard */; };
		6CC7BE3525DC0CC300641039 /* Assets.xcassets in Resources */ = {isa = PBXBuildFile; fileRef = 6CC7BE3425DC0CC300641039 /* Assets.xcassets */; };
		6CC7BE3825DC0CC300641039 /* LaunchScreen.storyboard in Resources */ = {isa = PBXBuildFile; fileRef = 6CC7BE3625DC0CC300641039 /* LaunchScreen.storyboard */; };
		6CC7BE4325DC0CC300641039 /* flixTests.swift in Sources */ = {isa = PBXBuildFile; fileRef = 6CC7BE4225DC0CC300641039 /* flixTests.swift */; };
		6CC7BE4E25DC0CC300641039 /* flixUITests.swift in Sources */ = {isa = PBXBuildFile; fileRef = 6CC7BE4D25DC0CC300641039 /* flixUITests.swift */; };
		D2AD94439F7E652DD4B9FF92 /* Pods_flixTests.framework in Frameworks */ = {isa = PBXBuildFile; fileRef = C95E369BE250967D6C367818 /* Pods_flixTests.framework */; };
		EEEB52D795012313C790FB55 /* Pods_flix.framework in Frameworks */ = {isa = PBXBuildFile; fileRef = 7E989792BB6C4FA0584C85A1 /* Pods_flix.framework */; };
/* End PBXBuildFile section */

/* Begin PBXContainerItemProxy section */
		6CC7BE3F25DC0CC300641039 /* PBXContainerItemProxy */ = {
			isa = PBXContainerItemProxy;
			containerPortal = 6CC7BE2025DC0CC200641039 /* Project object */;
			proxyType = 1;
			remoteGlobalIDString = 6CC7BE2725DC0CC200641039;
			remoteInfo = flix;
		};
		6CC7BE4A25DC0CC300641039 /* PBXContainerItemProxy */ = {
			isa = PBXContainerItemProxy;
			containerPortal = 6CC7BE2025DC0CC200641039 /* Project object */;
			proxyType = 1;
			remoteGlobalIDString = 6CC7BE2725DC0CC200641039;
			remoteInfo = flix;
		};
/* End PBXContainerItemProxy section */

/* Begin PBXFileReference section */
		0564F431E3132C1F82F10B5A /* Pods-flix.release.xcconfig */ = {isa = PBXFileReference; includeInIndex = 1; lastKnownFileType = text.xcconfig; name = "Pods-flix.release.xcconfig"; path = "Target Support Files/Pods-flix/Pods-flix.release.xcconfig"; sourceTree = "<group>"; };
		12D71F5DEFB2470539333C18 /* Pods-flix-flixUITests.debug.xcconfig */ = {isa = PBXFileReference; includeInIndex = 1; lastKnownFileType = text.xcconfig; name = "Pods-flix-flixUITests.debug.xcconfig"; path = "Target Support Files/Pods-flix-flixUITests/Pods-flix-flixUITests.debug.xcconfig"; sourceTree = "<group>"; };
		432663BDE8175ED84ACF812C /* Pods-flixTests.release.xcconfig */ = {isa = PBXFileReference; includeInIndex = 1; lastKnownFileType = text.xcconfig; name = "Pods-flixTests.release.xcconfig"; path = "Target Support Files/Pods-flixTests/Pods-flixTests.release.xcconfig"; sourceTree = "<group>"; };
		6CA6794425DED49700550222 /* MoviesViewController.swift */ = {isa = PBXFileReference; lastKnownFileType = sourcecode.swift; path = MoviesViewController.swift; sourceTree = "<group>"; };
		6CA6794925DEE2D100550222 /* MovieCell.swift */ = {isa = PBXFileReference; lastKnownFileType = sourcecode.swift; path = MovieCell.swift; sourceTree = "<group>"; };
		6CB4828425E8582D0043455A /* MoviesDetailsViewController.swift */ = {isa = PBXFileReference; lastKnownFileType = sourcecode.swift; path = MoviesDetailsViewController.swift; sourceTree = "<group>"; };
		6CC7BE2825DC0CC200641039 /* flix.app */ = {isa = PBXFileReference; explicitFileType = wrapper.application; includeInIndex = 0; path = flix.app; sourceTree = BUILT_PRODUCTS_DIR; };
		6CC7BE2B25DC0CC200641039 /* AppDelegate.swift */ = {isa = PBXFileReference; lastKnownFileType = sourcecode.swift; path = AppDelegate.swift; sourceTree = "<group>"; };
		6CC7BE2D25DC0CC200641039 /* SceneDelegate.swift */ = {isa = PBXFileReference; lastKnownFileType = sourcecode.swift; path = SceneDelegate.swift; sourceTree = "<group>"; };
		6CC7BE3225DC0CC200641039 /* Base */ = {isa = PBXFileReference; lastKnownFileType = file.storyboard; name = Base; path = Base.lproj/Main.storyboard; sourceTree = "<group>"; };
		6CC7BE3425DC0CC300641039 /* Assets.xcassets */ = {isa = PBXFileReference; lastKnownFileType = folder.assetcatalog; path = Assets.xcassets; sourceTree = "<group>"; };
		6CC7BE3725DC0CC300641039 /* Base */ = {isa = PBXFileReference; lastKnownFileType = file.storyboard; name = Base; path = Base.lproj/LaunchScreen.storyboard; sourceTree = "<group>"; };
		6CC7BE3925DC0CC300641039 /* Info.plist */ = {isa = PBXFileReference; lastKnownFileType = text.plist.xml; path = Info.plist; sourceTree = "<group>"; };
		6CC7BE3E25DC0CC300641039 /* flixTests.xctest */ = {isa = PBXFileReference; explicitFileType = wrapper.cfbundle; includeInIndex = 0; path = flixTests.xctest; sourceTree = BUILT_PRODUCTS_DIR; };
		6CC7BE4225DC0CC300641039 /* flixTests.swift */ = {isa = PBXFileReference; lastKnownFileType = sourcecode.swift; path = flixTests.swift; sourceTree = "<group>"; };
		6CC7BE4425DC0CC300641039 /* Info.plist */ = {isa = PBXFileReference; lastKnownFileType = text.plist.xml; path = Info.plist; sourceTree = "<group>"; };
		6CC7BE4925DC0CC300641039 /* flixUITests.xctest */ = {isa = PBXFileReference; explicitFileType = wrapper.cfbundle; includeInIndex = 0; path = flixUITests.xctest; sourceTree = BUILT_PRODUCTS_DIR; };
		6CC7BE4D25DC0CC300641039 /* flixUITests.swift */ = {isa = PBXFileReference; lastKnownFileType = sourcecode.swift; path = flixUITests.swift; sourceTree = "<group>"; };
		6CC7BE4F25DC0CC300641039 /* Info.plist */ = {isa = PBXFileReference; lastKnownFileType = text.plist.xml; path = Info.plist; sourceTree = "<group>"; };
		7E989792BB6C4FA0584C85A1 /* Pods_flix.framework */ = {isa = PBXFileReference; explicitFileType = wrapper.framework; includeInIndex = 0; path = Pods_flix.framework; sourceTree = BUILT_PRODUCTS_DIR; };
		8504E6091F2B39AFBB669C74 /* Pods-flixTests.debug.xcconfig */ = {isa = PBXFileReference; includeInIndex = 1; lastKnownFileType = text.xcconfig; name = "Pods-flixTests.debug.xcconfig"; path = "Target Support Files/Pods-flixTests/Pods-flixTests.debug.xcconfig"; sourceTree = "<group>"; };
		869B7363A3A1161380EB3E76 /* Pods_flix_flixUITests.framework */ = {isa = PBXFileReference; explicitFileType = wrapper.framework; includeInIndex = 0; path = Pods_flix_flixUITests.framework; sourceTree = BUILT_PRODUCTS_DIR; };
		C95E369BE250967D6C367818 /* Pods_flixTests.framework */ = {isa = PBXFileReference; explicitFileType = wrapper.framework; includeInIndex = 0; path = Pods_flixTests.framework; sourceTree = BUILT_PRODUCTS_DIR; };
		E46824C7ED81CA67EA256D30 /* Pods-flix.debug.xcconfig */ = {isa = PBXFileReference; includeInIndex = 1; lastKnownFileType = text.xcconfig; name = "Pods-flix.debug.xcconfig"; path = "Target Support Files/Pods-flix/Pods-flix.debug.xcconfig"; sourceTree = "<group>"; };
		F3ADEF66FC6B14D4C6309839 /* Pods-flix-flixUITests.release.xcconfig */ = {isa = PBXFileReference; includeInIndex = 1; lastKnownFileType = text.xcconfig; name = "Pods-flix-flixUITests.release.xcconfig"; path = "Target Support Files/Pods-flix-flixUITests/Pods-flix-flixUITests.release.xcconfig"; sourceTree = "<group>"; };
/* End PBXFileReference section */

/* Begin PBXFrameworksBuildPhase section */
		6CC7BE2525DC0CC200641039 /* Frameworks */ = {
			isa = PBXFrameworksBuildPhase;
			buildActionMask = 2147483647;
			files = (
				EEEB52D795012313C790FB55 /* Pods_flix.framework in Frameworks */,
			);
			runOnlyForDeploymentPostprocessing = 0;
		};
		6CC7BE3B25DC0CC300641039 /* Frameworks */ = {
			isa = PBXFrameworksBuildPhase;
			buildActionMask = 2147483647;
			files = (
				D2AD94439F7E652DD4B9FF92 /* Pods_flixTests.framework in Frameworks */,
			);
			runOnlyForDeploymentPostprocessing = 0;
		};
		6CC7BE4625DC0CC300641039 /* Frameworks */ = {
			isa = PBXFrameworksBuildPhase;
			buildActionMask = 2147483647;
			files = (
				446BDF259F5010306E8EF262 /* Pods_flix_flixUITests.framework in Frameworks */,
			);
			runOnlyForDeploymentPostprocessing = 0;
		};
/* End PBXFrameworksBuildPhase section */

/* Begin PBXGroup section */
		3790871EF861B073CEDB880E /* Frameworks */ = {
			isa = PBXGroup;
			children = (
				7E989792BB6C4FA0584C85A1 /* Pods_flix.framework */,
				869B7363A3A1161380EB3E76 /* Pods_flix_flixUITests.framework */,
				C95E369BE250967D6C367818 /* Pods_flixTests.framework */,
			);
			name = Frameworks;
			sourceTree = "<group>";
		};
		6CC7BE1F25DC0CC200641039 = {
			isa = PBXGroup;
			children = (
				6CC7BE2A25DC0CC200641039 /* flix */,
				6CC7BE4125DC0CC300641039 /* flixTests */,
				6CC7BE4C25DC0CC300641039 /* flixUITests */,
				6CC7BE2925DC0CC200641039 /* Products */,
				7DEFA9B995F726E64DAAB54F /* Pods */,
				3790871EF861B073CEDB880E /* Frameworks */,
			);
			sourceTree = "<group>";
		};
		6CC7BE2925DC0CC200641039 /* Products */ = {
			isa = PBXGroup;
			children = (
				6CC7BE2825DC0CC200641039 /* flix.app */,
				6CC7BE3E25DC0CC300641039 /* flixTests.xctest */,
				6CC7BE4925DC0CC300641039 /* flixUITests.xctest */,
			);
			name = Products;
			sourceTree = "<group>";
		};
		6CC7BE2A25DC0CC200641039 /* flix */ = {
			isa = PBXGroup;
			children = (
				6CC7BE2B25DC0CC200641039 /* AppDelegate.swift */,
				6CC7BE2D25DC0CC200641039 /* SceneDelegate.swift */,
				6CC7BE3125DC0CC200641039 /* Main.storyboard */,
				6CB4828425E8582D0043455A /* MoviesDetailsViewController.swift */,
				6CA6794925DEE2D100550222 /* MovieCell.swift */,
				6CA6794425DED49700550222 /* MoviesViewController.swift */,
				6CC7BE3425DC0CC300641039 /* Assets.xcassets */,
				6CC7BE3625DC0CC300641039 /* LaunchScreen.storyboard */,
				6CC7BE3925DC0CC300641039 /* Info.plist */,
			);
			path = flix;
			sourceTree = "<group>";
		};
		6CC7BE4125DC0CC300641039 /* flixTests */ = {
			isa = PBXGroup;
			children = (
				6CC7BE4225DC0CC300641039 /* flixTests.swift */,
				6CC7BE4425DC0CC300641039 /* Info.plist */,
			);
			path = flixTests;
			sourceTree = "<group>";
		};
		6CC7BE4C25DC0CC300641039 /* flixUITests */ = {
			isa = PBXGroup;
			children = (
				6CC7BE4D25DC0CC300641039 /* flixUITests.swift */,
				6CC7BE4F25DC0CC300641039 /* Info.plist */,
			);
			path = flixUITests;
			sourceTree = "<group>";
		};
		7DEFA9B995F726E64DAAB54F /* Pods */ = {
			isa = PBXGroup;
			children = (
				E46824C7ED81CA67EA256D30 /* Pods-flix.debug.xcconfig */,
				0564F431E3132C1F82F10B5A /* Pods-flix.release.xcconfig */,
				12D71F5DEFB2470539333C18 /* Pods-flix-flixUITests.debug.xcconfig */,
				F3ADEF66FC6B14D4C6309839 /* Pods-flix-flixUITests.release.xcconfig */,
				8504E6091F2B39AFBB669C74 /* Pods-flixTests.debug.xcconfig */,
				432663BDE8175ED84ACF812C /* Pods-flixTests.release.xcconfig */,
			);
			path = Pods;
			sourceTree = "<group>";
		};
/* End PBXGroup section */

/* Begin PBXNativeTarget section */
		6CC7BE2725DC0CC200641039 /* flix */ = {
			isa = PBXNativeTarget;
			buildConfigurationList = 6CC7BE5225DC0CC300641039 /* Build configuration list for PBXNativeTarget "flix" */;
			buildPhases = (
				81DCA5D4219AEDA32EC7C51E /* [CP] Check Pods Manifest.lock */,
				6CC7BE2425DC0CC200641039 /* Sources */,
				6CC7BE2525DC0CC200641039 /* Frameworks */,
				6CC7BE2625DC0CC200641039 /* Resources */,
				53E6A3795C551B3AEE379DDF /* [CP] Embed Pods Frameworks */,
			);
			buildRules = (
			);
			dependencies = (
			);
			name = flix;
			productName = flix;
			productReference = 6CC7BE2825DC0CC200641039 /* flix.app */;
			productType = "com.apple.product-type.application";
		};
		6CC7BE3D25DC0CC300641039 /* flixTests */ = {
			isa = PBXNativeTarget;
			buildConfigurationList = 6CC7BE5525DC0CC300641039 /* Build configuration list for PBXNativeTarget "flixTests" */;
			buildPhases = (
				CEF5187701EDEBD8996214D8 /* [CP] Check Pods Manifest.lock */,
				6CC7BE3A25DC0CC300641039 /* Sources */,
				6CC7BE3B25DC0CC300641039 /* Frameworks */,
				6CC7BE3C25DC0CC300641039 /* Resources */,
			);
			buildRules = (
			);
			dependencies = (
				6CC7BE4025DC0CC300641039 /* PBXTargetDependency */,
			);
			name = flixTests;
			productName = flixTests;
			productReference = 6CC7BE3E25DC0CC300641039 /* flixTests.xctest */;
			productType = "com.apple.product-type.bundle.unit-test";
		};
		6CC7BE4825DC0CC300641039 /* flixUITests */ = {
			isa = PBXNativeTarget;
			buildConfigurationList = 6CC7BE5825DC0CC300641039 /* Build configuration list for PBXNativeTarget "flixUITests" */;
			buildPhases = (
				216208AF6DCF8FAE2C2B0ABD /* [CP] Check Pods Manifest.lock */,
				6CC7BE4525DC0CC300641039 /* Sources */,
				6CC7BE4625DC0CC300641039 /* Frameworks */,
				6CC7BE4725DC0CC300641039 /* Resources */,
				85A85C14226108D51032E68E /* [CP] Embed Pods Frameworks */,
			);
			buildRules = (
			);
			dependencies = (
				6CC7BE4B25DC0CC300641039 /* PBXTargetDependency */,
			);
			name = flixUITests;
			productName = flixUITests;
			productReference = 6CC7BE4925DC0CC300641039 /* flixUITests.xctest */;
			productType = "com.apple.product-type.bundle.ui-testing";
		};
/* End PBXNativeTarget section */

/* Begin PBXProject section */
		6CC7BE2025DC0CC200641039 /* Project object */ = {
			isa = PBXProject;
			attributes = {
				LastSwiftUpdateCheck = 1240;
				LastUpgradeCheck = 1240;
				TargetAttributes = {
					6CC7BE2725DC0CC200641039 = {
						CreatedOnToolsVersion = 12.4;
					};
					6CC7BE3D25DC0CC300641039 = {
						CreatedOnToolsVersion = 12.4;
						TestTargetID = 6CC7BE2725DC0CC200641039;
					};
					6CC7BE4825DC0CC300641039 = {
						CreatedOnToolsVersion = 12.4;
						TestTargetID = 6CC7BE2725DC0CC200641039;
					};
				};
			};
			buildConfigurationList = 6CC7BE2325DC0CC200641039 /* Build configuration list for PBXProject "flix" */;
			compatibilityVersion = "Xcode 9.3";
			developmentRegion = en;
			hasScannedForEncodings = 0;
			knownRegions = (
				en,
				Base,
			);
			mainGroup = 6CC7BE1F25DC0CC200641039;
			productRefGroup = 6CC7BE2925DC0CC200641039 /* Products */;
			projectDirPath = "";
			projectRoot = "";
			targets = (
				6CC7BE2725DC0CC200641039 /* flix */,
				6CC7BE3D25DC0CC300641039 /* flixTests */,
				6CC7BE4825DC0CC300641039 /* flixUITests */,
			);
		};
/* End PBXProject section */

/* Begin PBXResourcesBuildPhase section */
		6CC7BE2625DC0CC200641039 /* Resources */ = {
			isa = PBXResourcesBuildPhase;
			buildActionMask = 2147483647;
			files = (
				6CC7BE3825DC0CC300641039 /* LaunchScreen.storyboard in Resources */,
				6CC7BE3525DC0CC300641039 /* Assets.xcassets in Resources */,
				6CC7BE3325DC0CC200641039 /* Main.storyboard in Resources */,
			);
			runOnlyForDeploymentPostprocessing = 0;
		};
		6CC7BE3C25DC0CC300641039 /* Resources */ = {
			isa = PBXResourcesBuildPhase;
			buildActionMask = 2147483647;
			files = (
			);
			runOnlyForDeploymentPostprocessing = 0;
		};
		6CC7BE4725DC0CC300641039 /* Resources */ = {
			isa = PBXResourcesBuildPhase;
			buildActionMask = 2147483647;
			files = (
			);
			runOnlyForDeploymentPostprocessing = 0;
		};
/* End PBXResourcesBuildPhase section */

/* Begin PBXShellScriptBuildPhase section */
		216208AF6DCF8FAE2C2B0ABD /* [CP] Check Pods Manifest.lock */ = {
			isa = PBXShellScriptBuildPhase;
			buildActionMask = 2147483647;
			files = (
			);
			inputFileListPaths = (
			);
			inputPaths = (
				"${PODS_PODFILE_DIR_PATH}/Podfile.lock",
				"${PODS_ROOT}/Manifest.lock",
			);
			name = "[CP] Check Pods Manifest.lock";
			outputFileListPaths = (
			);
			outputPaths = (
				"$(DERIVED_FILE_DIR)/Pods-flix-flixUITests-checkManifestLockResult.txt",
			);
			runOnlyForDeploymentPostprocessing = 0;
			shellPath = /bin/sh;
			shellScript = "diff \"${PODS_PODFILE_DIR_PATH}/Podfile.lock\" \"${PODS_ROOT}/Manifest.lock\" > /dev/null\nif [ $? != 0 ] ; then\n    # print error to STDERR\n    echo \"error: The sandbox is not in sync with the Podfile.lock. Run 'pod install' or update your CocoaPods installation.\" >&2\n    exit 1\nfi\n# This output is used by Xcode 'outputs' to avoid re-running this script phase.\necho \"SUCCESS\" > \"${SCRIPT_OUTPUT_FILE_0}\"\n";
			showEnvVarsInLog = 0;
		};
		53E6A3795C551B3AEE379DDF /* [CP] Embed Pods Frameworks */ = {
			isa = PBXShellScriptBuildPhase;
			buildActionMask = 2147483647;
			files = (
			);
			inputFileListPaths = (
				"${PODS_ROOT}/Target Support Files/Pods-flix/Pods-flix-frameworks-${CONFIGURATION}-input-files.xcfilelist",
			);
			name = "[CP] Embed Pods Frameworks";
			outputFileListPaths = (
				"${PODS_ROOT}/Target Support Files/Pods-flix/Pods-flix-frameworks-${CONFIGURATION}-output-files.xcfilelist",
			);
			runOnlyForDeploymentPostprocessing = 0;
			shellPath = /bin/sh;
			shellScript = "\"${PODS_ROOT}/Target Support Files/Pods-flix/Pods-flix-frameworks.sh\"\n";
			showEnvVarsInLog = 0;
		};
		81DCA5D4219AEDA32EC7C51E /* [CP] Check Pods Manifest.lock */ = {
			isa = PBXShellScriptBuildPhase;
			buildActionMask = 2147483647;
			files = (
			);
			inputFileListPaths = (
			);
			inputPaths = (
				"${PODS_PODFILE_DIR_PATH}/Podfile.lock",
				"${PODS_ROOT}/Manifest.lock",
			);
			name = "[CP] Check Pods Manifest.lock";
			outputFileListPaths = (
			);
			outputPaths = (
				"$(DERIVED_FILE_DIR)/Pods-flix-checkManifestLockResult.txt",
			);
			runOnlyForDeploymentPostprocessing = 0;
			shellPath = /bin/sh;
			shellScript = "diff \"${PODS_PODFILE_DIR_PATH}/Podfile.lock\" \"${PODS_ROOT}/Manifest.lock\" > /dev/null\nif [ $? != 0 ] ; then\n    # print error to STDERR\n    echo \"error: The sandbox is not in sync with the Podfile.lock. Run 'pod install' or update your CocoaPods installation.\" >&2\n    exit 1\nfi\n# This output is used by Xcode 'outputs' to avoid re-running this script phase.\necho \"SUCCESS\" > \"${SCRIPT_OUTPUT_FILE_0}\"\n";
			showEnvVarsInLog = 0;
		};
		85A85C14226108D51032E68E /* [CP] Embed Pods Frameworks */ = {
			isa = PBXShellScriptBuildPhase;
			buildActionMask = 2147483647;
			files = (
			);
			inputFileListPaths = (
				"${PODS_ROOT}/Target Support Files/Pods-flix-flixUITests/Pods-flix-flixUITests-frameworks-${CONFIGURATION}-input-files.xcfilelist",
			);
			name = "[CP] Embed Pods Frameworks";
			outputFileListPaths = (
				"${PODS_ROOT}/Target Support Files/Pods-flix-flixUITests/Pods-flix-flixUITests-frameworks-${CONFIGURATION}-output-files.xcfilelist",
			);
			runOnlyForDeploymentPostprocessing = 0;
			shellPath = /bin/sh;
			shellScript = "\"${PODS_ROOT}/Target Support Files/Pods-flix-flixUITests/Pods-flix-flixUITests-frameworks.sh\"\n";
			showEnvVarsInLog = 0;
		};
		CEF5187701EDEBD8996214D8 /* [CP] Check Pods Manifest.lock */ = {
			isa = PBXShellScriptBuildPhase;
			buildActionMask = 2147483647;
			files = (
			);
			inputFileListPaths = (
			);
			inputPaths = (
				"${PODS_PODFILE_DIR_PATH}/Podfile.lock",
				"${PODS_ROOT}/Manifest.lock",
			);
			name = "[CP] Check Pods Manifest.lock";
			outputFileListPaths = (
			);
			outputPaths = (
				"$(DERIVED_FILE_DIR)/Pods-flixTests-checkManifestLockResult.txt",
			);
			runOnlyForDeploymentPostprocessing = 0;
			shellPath = /bin/sh;
			shellScript = "diff \"${PODS_PODFILE_DIR_PATH}/Podfile.lock\" \"${PODS_ROOT}/Manifest.lock\" > /dev/null\nif [ $? != 0 ] ; then\n    # print error to STDERR\n    echo \"error: The sandbox is not in sync with the Podfile.lock. Run 'pod install' or update your CocoaPods installation.\" >&2\n    exit 1\nfi\n# This output is used by Xcode 'outputs' to avoid re-running this script phase.\necho \"SUCCESS\" > \"${SCRIPT_OUTPUT_FILE_0}\"\n";
			showEnvVarsInLog = 0;
		};
/* End PBXShellScriptBuildPhase section */

/* Begin PBXSourcesBuildPhase section */
		6CC7BE2425DC0CC200641039 /* Sources */ = {
			isa = PBXSourcesBuildPhase;
			buildActionMask = 2147483647;
			files = (
				6CC7BE2C25DC0CC200641039 /* AppDelegate.swift in Sources */,
				6CC7BE2E25DC0CC200641039 /* SceneDelegate.swift in Sources */,
				6CA6794A25DEE2D100550222 /* MovieCell.swift in Sources */,
				6CB4828525E8582D0043455A /* MoviesDetailsViewController.swift in Sources */,
				6CA6794525DED49700550222 /* MoviesViewController.swift in Sources */,
			);
			runOnlyForDeploymentPostprocessing = 0;
		};
		6CC7BE3A25DC0CC300641039 /* Sources */ = {
			isa = PBXSourcesBuildPhase;
			buildActionMask = 2147483647;
			files = (
				6CC7BE4325DC0CC300641039 /* flixTests.swift in Sources */,
			);
			runOnlyForDeploymentPostprocessing = 0;
		};
		6CC7BE4525DC0CC300641039 /* Sources */ = {
			isa = PBXSourcesBuildPhase;
			buildActionMask = 2147483647;
			files = (
				6CC7BE4E25DC0CC300641039 /* flixUITests.swift in Sources */,
			);
			runOnlyForDeploymentPostprocessing = 0;
		};
/* End PBXSourcesBuildPhase section */

/* Begin PBXTargetDependency section */
		6CC7BE4025DC0CC300641039 /* PBXTargetDependency */ = {
			isa = PBXTargetDependency;
			target = 6CC7BE2725DC0CC200641039 /* flix */;
			targetProxy = 6CC7BE3F25DC0CC300641039 /* PBXContainerItemProxy */;
		};
		6CC7BE4B25DC0CC300641039 /* PBXTargetDependency */ = {
			isa = PBXTargetDependency;
			target = 6CC7BE2725DC0CC200641039 /* flix */;
			targetProxy = 6CC7BE4A25DC0CC300641039 /* PBXContainerItemProxy */;
		};
/* End PBXTargetDependency section */

/* Begin PBXVariantGroup section */
		6CC7BE3125DC0CC200641039 /* Main.storyboard */ = {
			isa = PBXVariantGroup;
			children = (
				6CC7BE3225DC0CC200641039 /* Base */,
			);
			name = Main.storyboard;
			sourceTree = "<group>";
		};
		6CC7BE3625DC0CC300641039 /* LaunchScreen.storyboard */ = {
			isa = PBXVariantGroup;
			children = (
				6CC7BE3725DC0CC300641039 /* Base */,
			);
			name = LaunchScreen.storyboard;
			sourceTree = "<group>";
		};
/* End PBXVariantGroup section */

/* Begin XCBuildConfiguration section */
		6CC7BE5025DC0CC300641039 /* Debug */ = {
			isa = XCBuildConfiguration;
			buildSettings = {
				ALWAYS_SEARCH_USER_PATHS = NO;
				CLANG_ANALYZER_NONNULL = YES;
				CLANG_ANALYZER_NUMBER_OBJECT_CONVERSION = YES_AGGRESSIVE;
				CLANG_CXX_LANGUAGE_STANDARD = "gnu++14";
				CLANG_CXX_LIBRARY = "libc++";
				CLANG_ENABLE_MODULES = YES;
				CLANG_ENABLE_OBJC_ARC = YES;
				CLANG_ENABLE_OBJC_WEAK = YES;
				CLANG_WARN_BLOCK_CAPTURE_AUTORELEASING = YES;
				CLANG_WARN_BOOL_CONVERSION = YES;
				CLANG_WARN_COMMA = YES;
				CLANG_WARN_CONSTANT_CONVERSION = YES;
				CLANG_WARN_DEPRECATED_OBJC_IMPLEMENTATIONS = YES;
				CLANG_WARN_DIRECT_OBJC_ISA_USAGE = YES_ERROR;
				CLANG_WARN_DOCUMENTATION_COMMENTS = YES;
				CLANG_WARN_EMPTY_BODY = YES;
				CLANG_WARN_ENUM_CONVERSION = YES;
				CLANG_WARN_INFINITE_RECURSION = YES;
				CLANG_WARN_INT_CONVERSION = YES;
				CLANG_WARN_NON_LITERAL_NULL_CONVERSION = YES;
				CLANG_WARN_OBJC_IMPLICIT_RETAIN_SELF = YES;
				CLANG_WARN_OBJC_LITERAL_CONVERSION = YES;
				CLANG_WARN_OBJC_ROOT_CLASS = YES_ERROR;
				CLANG_WARN_QUOTED_INCLUDE_IN_FRAMEWORK_HEADER = YES;
				CLANG_WARN_RANGE_LOOP_ANALYSIS = YES;
				CLANG_WARN_STRICT_PROTOTYPES = YES;
				CLANG_WARN_SUSPICIOUS_MOVE = YES;
				CLANG_WARN_UNGUARDED_AVAILABILITY = YES_AGGRESSIVE;
				CLANG_WARN_UNREACHABLE_CODE = YES;
				CLANG_WARN__DUPLICATE_METHOD_MATCH = YES;
				COPY_PHASE_STRIP = NO;
				DEBUG_INFORMATION_FORMAT = dwarf;
				ENABLE_STRICT_OBJC_MSGSEND = YES;
				ENABLE_TESTABILITY = YES;
				GCC_C_LANGUAGE_STANDARD = gnu11;
				GCC_DYNAMIC_NO_PIC = NO;
				GCC_NO_COMMON_BLOCKS = YES;
				GCC_OPTIMIZATION_LEVEL = 0;
				GCC_PREPROCESSOR_DEFINITIONS = (
					"DEBUG=1",
					"$(inherited)",
				);
				GCC_WARN_64_TO_32_BIT_CONVERSION = YES;
				GCC_WARN_ABOUT_RETURN_TYPE = YES_ERROR;
				GCC_WARN_UNDECLARED_SELECTOR = YES;
				GCC_WARN_UNINITIALIZED_AUTOS = YES_AGGRESSIVE;
				GCC_WARN_UNUSED_FUNCTION = YES;
				GCC_WARN_UNUSED_VARIABLE = YES;
				IPHONEOS_DEPLOYMENT_TARGET = 14.4;
				MTL_ENABLE_DEBUG_INFO = INCLUDE_SOURCE;
				MTL_FAST_MATH = YES;
				ONLY_ACTIVE_ARCH = YES;
				SDKROOT = iphoneos;
				SWIFT_ACTIVE_COMPILATION_CONDITIONS = DEBUG;
				SWIFT_OPTIMIZATION_LEVEL = "-Onone";
			};
			name = Debug;
		};
		6CC7BE5125DC0CC300641039 /* Release */ = {
			isa = XCBuildConfiguration;
			buildSettings = {
				ALWAYS_SEARCH_USER_PATHS = NO;
				CLANG_ANALYZER_NONNULL = YES;
				CLANG_ANALYZER_NUMBER_OBJECT_CONVERSION = YES_AGGRESSIVE;
				CLANG_CXX_LANGUAGE_STANDARD = "gnu++14";
				CLANG_CXX_LIBRARY = "libc++";
				CLANG_ENABLE_MODULES = YES;
				CLANG_ENABLE_OBJC_ARC = YES;
				CLANG_ENABLE_OBJC_WEAK = YES;
				CLANG_WARN_BLOCK_CAPTURE_AUTORELEASING = YES;
				CLANG_WARN_BOOL_CONVERSION = YES;
				CLANG_WARN_COMMA = YES;
				CLANG_WARN_CONSTANT_CONVERSION = YES;
				CLANG_WARN_DEPRECATED_OBJC_IMPLEMENTATIONS = YES;
				CLANG_WARN_DIRECT_OBJC_ISA_USAGE = YES_ERROR;
				CLANG_WARN_DOCUMENTATION_COMMENTS = YES;
				CLANG_WARN_EMPTY_BODY = YES;
				CLANG_WARN_ENUM_CONVERSION = YES;
				CLANG_WARN_INFINITE_RECURSION = YES;
				CLANG_WARN_INT_CONVERSION = YES;
				CLANG_WARN_NON_LITERAL_NULL_CONVERSION = YES;
				CLANG_WARN_OBJC_IMPLICIT_RETAIN_SELF = YES;
				CLANG_WARN_OBJC_LITERAL_CONVERSION = YES;
				CLANG_WARN_OBJC_ROOT_CLASS = YES_ERROR;
				CLANG_WARN_QUOTED_INCLUDE_IN_FRAMEWORK_HEADER = YES;
				CLANG_WARN_RANGE_LOOP_ANALYSIS = YES;
				CLANG_WARN_STRICT_PROTOTYPES = YES;
				CLANG_WARN_SUSPICIOUS_MOVE = YES;
				CLANG_WARN_UNGUARDED_AVAILABILITY = YES_AGGRESSIVE;
				CLANG_WARN_UNREACHABLE_CODE = YES;
				CLANG_WARN__DUPLICATE_METHOD_MATCH = YES;
				COPY_PHASE_STRIP = NO;
				DEBUG_INFORMATION_FORMAT = "dwarf-with-dsym";
				ENABLE_NS_ASSERTIONS = NO;
				ENABLE_STRICT_OBJC_MSGSEND = YES;
				GCC_C_LANGUAGE_STANDARD = gnu11;
				GCC_NO_COMMON_BLOCKS = YES;
				GCC_WARN_64_TO_32_BIT_CONVERSION = YES;
				GCC_WARN_ABOUT_RETURN_TYPE = YES_ERROR;
				GCC_WARN_UNDECLARED_SELECTOR = YES;
				GCC_WARN_UNINITIALIZED_AUTOS = YES_AGGRESSIVE;
				GCC_WARN_UNUSED_FUNCTION = YES;
				GCC_WARN_UNUSED_VARIABLE = YES;
				IPHONEOS_DEPLOYMENT_TARGET = 14.4;
				MTL_ENABLE_DEBUG_INFO = NO;
				MTL_FAST_MATH = YES;
				SDKROOT = iphoneos;
				SWIFT_COMPILATION_MODE = wholemodule;
				SWIFT_OPTIMIZATION_LEVEL = "-O";
				VALIDATE_PRODUCT = YES;
			};
			name = Release;
		};
		6CC7BE5325DC0CC300641039 /* Debug */ = {
			isa = XCBuildConfiguration;
			baseConfigurationReference = E46824C7ED81CA67EA256D30 /* Pods-flix.debug.xcconfig */;
			buildSettings = {
				ASSETCATALOG_COMPILER_APPICON_NAME = AppIcon;
				ASSETCATALOG_COMPILER_GLOBAL_ACCENT_COLOR_NAME = AccentColor;
				CODE_SIGN_STYLE = Automatic;
				DEVELOPMENT_TEAM = CD479DWMZ8;
				INFOPLIST_FILE = flix/Info.plist;
				LD_RUNPATH_SEARCH_PATHS = (
					"$(inherited)",
					"@executable_path/Frameworks",
				);
				PRODUCT_BUNDLE_IDENTIFIER = ajaylottey.flix;
				PRODUCT_NAME = "$(TARGET_NAME)";
				SWIFT_VERSION = 5.0;
				TARGETED_DEVICE_FAMILY = "1,2";
			};
			name = Debug;
		};
		6CC7BE5425DC0CC300641039 /* Release */ = {
			isa = XCBuildConfiguration;
			baseConfigurationReference = 0564F431E3132C1F82F10B5A /* Pods-flix.release.xcconfig */;
			buildSettings = {
				ASSETCATALOG_COMPILER_APPICON_NAME = AppIcon;
				ASSETCATALOG_COMPILER_GLOBAL_ACCENT_COLOR_NAME = AccentColor;
				CODE_SIGN_STYLE = Automatic;
				DEVELOPMENT_TEAM = CD479DWMZ8;
				INFOPLIST_FILE = flix/Info.plist;
				LD_RUNPATH_SEARCH_PATHS = (
					"$(inherited)",
					"@executable_path/Frameworks",
				);
				PRODUCT_BUNDLE_IDENTIFIER = ajaylottey.flix;
				PRODUCT_NAME = "$(TARGET_NAME)";
				SWIFT_VERSION = 5.0;
				TARGETED_DEVICE_FAMILY = "1,2";
			};
			name = Release;
		};
		6CC7BE5625DC0CC300641039 /* Debug */ = {
			isa = XCBuildConfiguration;
			baseConfigurationReference = 8504E6091F2B39AFBB669C74 /* Pods-flixTests.debug.xcconfig */;
			buildSettings = {
				ALWAYS_EMBED_SWIFT_STANDARD_LIBRARIES = YES;
				BUNDLE_LOADER = "$(TEST_HOST)";
				CODE_SIGN_STYLE = Automatic;
				INFOPLIST_FILE = flixTests/Info.plist;
				IPHONEOS_DEPLOYMENT_TARGET = 14.4;
				LD_RUNPATH_SEARCH_PATHS = (
					"$(inherited)",
					"@executable_path/Frameworks",
					"@loader_path/Frameworks",
				);
				PRODUCT_BUNDLE_IDENTIFIER = ajaylottey.flixTests;
				PRODUCT_NAME = "$(TARGET_NAME)";
				SWIFT_VERSION = 5.0;
				TARGETED_DEVICE_FAMILY = "1,2";
				TEST_HOST = "$(BUILT_PRODUCTS_DIR)/flix.app/flix";
			};
			name = Debug;
		};
		6CC7BE5725DC0CC300641039 /* Release */ = {
			isa = XCBuildConfiguration;
			baseConfigurationReference = 432663BDE8175ED84ACF812C /* Pods-flixTests.release.xcconfig */;
			buildSettings = {
				ALWAYS_EMBED_SWIFT_STANDARD_LIBRARIES = YES;
				BUNDLE_LOADER = "$(TEST_HOST)";
				CODE_SIGN_STYLE = Automatic;
				INFOPLIST_FILE = flixTests/Info.plist;
				IPHONEOS_DEPLOYMENT_TARGET = 14.4;
				LD_RUNPATH_SEARCH_PATHS = (
					"$(inherited)",
					"@executable_path/Frameworks",
					"@loader_path/Frameworks",
				);
				PRODUCT_BUNDLE_IDENTIFIER = ajaylottey.flixTests;
				PRODUCT_NAME = "$(TARGET_NAME)";
				SWIFT_VERSION = 5.0;
				TARGETED_DEVICE_FAMILY = "1,2";
				TEST_HOST = "$(BUILT_PRODUCTS_DIR)/flix.app/flix";
			};
			name = Release;
		};
		6CC7BE5925DC0CC300641039 /* Debug */ = {
			isa = XCBuildConfiguration;
			baseConfigurationReference = 12D71F5DEFB2470539333C18 /* Pods-flix-flixUITests.debug.xcconfig */;
			buildSettings = {
				ALWAYS_EMBED_SWIFT_STANDARD_LIBRARIES = YES;
				CODE_SIGN_STYLE = Automatic;
				INFOPLIST_FILE = flixUITests/Info.plist;
				LD_RUNPATH_SEARCH_PATHS = (
					"$(inherited)",
					"@executable_path/Frameworks",
					"@loader_path/Frameworks",
				);
				PRODUCT_BUNDLE_IDENTIFIER = ajaylottey.flixUITests;
				PRODUCT_NAME = "$(TARGET_NAME)";
				SWIFT_VERSION = 5.0;
				TARGETED_DEVICE_FAMILY = "1,2";
				TEST_TARGET_NAME = flix;
			};
			name = Debug;
		};
		6CC7BE5A25DC0CC300641039 /* Release */ = {
			isa = XCBuildConfiguration;
			baseConfigurationReference = F3ADEF66FC6B14D4C6309839 /* Pods-flix-flixUITests.release.xcconfig */;
			buildSettings = {
				ALWAYS_EMBED_SWIFT_STANDARD_LIBRARIES = YES;
				CODE_SIGN_STYLE = Automatic;
				INFOPLIST_FILE = flixUITests/Info.plist;
				LD_RUNPATH_SEARCH_PATHS = (
					"$(inherited)",
					"@executable_path/Frameworks",
					"@loader_path/Frameworks",
				);
				PRODUCT_BUNDLE_IDENTIFIER = ajaylottey.flixUITests;
				PRODUCT_NAME = "$(TARGET_NAME)";
				SWIFT_VERSION = 5.0;
				TARGETED_DEVICE_FAMILY = "1,2";
				TEST_TARGET_NAME = flix;
			};
			name = Release;
		};
/* End XCBuildConfiguration section */

/* Begin XCConfigurationList section */
		6CC7BE2325DC0CC200641039 /* Build configuration list for PBXProject "flix" */ = {
			isa = XCConfigurationList;
			buildConfigurations = (
				6CC7BE5025DC0CC300641039 /* Debug */,
				6CC7BE5125DC0CC300641039 /* Release */,
			);
			defaultConfigurationIsVisible = 0;
			defaultConfigurationName = Release;
		};
		6CC7BE5225DC0CC300641039 /* Build configuration list for PBXNativeTarget "flix" */ = {
			isa = XCConfigurationList;
			buildConfigurations = (
				6CC7BE5325DC0CC300641039 /* Debug */,
				6CC7BE5425DC0CC300641039 /* Release */,
			);
			defaultConfigurationIsVisible = 0;
			defaultConfigurationName = Release;
		};
		6CC7BE5525DC0CC300641039 /* Build configuration list for PBXNativeTarget "flixTests" */ = {
			isa = XCConfigurationList;
			buildConfigurations = (
				6CC7BE5625DC0CC300641039 /* Debug */,
				6CC7BE5725DC0CC300641039 /* Release */,
			);
			defaultConfigurationIsVisible = 0;
			defaultConfigurationName = Release;
		};
		6CC7BE5825DC0CC300641039 /* Build configuration list for PBXNativeTarget "flixUITests" */ = {
			isa = XCConfigurationList;
			buildConfigurations = (
				6CC7BE5925DC0CC300641039 /* Debug */,
				6CC7BE5A25DC0CC300641039 /* Release */,
			);
			defaultConfigurationIsVisible = 0;
			defaultConfigurationName = Release;
		};
/* End XCConfigurationList section */
	};
	rootObject = 6CC7BE2025DC0CC200641039 /* Project object */;
}
